// !$*UTF8*$!
{
	archiveVersion = 1;
	classes = {
	};
	objectVersion = 51;
	objects = {

/* Begin PBXBuildFile section */
		6F6FEBF953F2DB26B02037D5 /* Pods_AccountApp.framework in Frameworks */ = {isa = PBXBuildFile; fileRef = 0502EE744CB9E9E26590DBA4 /* Pods_AccountApp.framework */; };
		CE1B99B326E100000004280D /* SwitchThemeVC.swift in Sources */ = {isa = PBXBuildFile; fileRef = CE1B99B226E100000004280D /* SwitchThemeVC.swift */; };
		CE1B99B526E1002F0004280D /* SwitchThemeScreen.storyboard in Resources */ = {isa = PBXBuildFile; fileRef = CE1B99B426E1002F0004280D /* SwitchThemeScreen.storyboard */; };
		CE1B99B826E10C850004280D /* Colors.xcassets in Resources */ = {isa = PBXBuildFile; fileRef = CE1B99B726E10C850004280D /* Colors.xcassets */; };
		CE1B99BB26E10E5F0004280D /* LightTheme.swift in Sources */ = {isa = PBXBuildFile; fileRef = CE1B99BA26E10E5F0004280D /* LightTheme.swift */; };
		CE1B99BD26E10E670004280D /* DarkTheme.swift in Sources */ = {isa = PBXBuildFile; fileRef = CE1B99BC26E10E670004280D /* DarkTheme.swift */; };
		CE1B99BF26E10EBC0004280D /* Theme.swift in Sources */ = {isa = PBXBuildFile; fileRef = CE1B99BE26E10EBC0004280D /* Theme.swift */; };
		CE4514B9260DF1D40069CB6D /* AppDelegate.swift in Sources */ = {isa = PBXBuildFile; fileRef = CE4514B8260DF1D40069CB6D /* AppDelegate.swift */; };
		CE4514BB260DF1D40069CB6D /* SceneDelegate.swift in Sources */ = {isa = PBXBuildFile; fileRef = CE4514BA260DF1D40069CB6D /* SceneDelegate.swift */; };
		CE4514BD260DF1D40069CB6D /* MainVC.swift in Sources */ = {isa = PBXBuildFile; fileRef = CE4514BC260DF1D40069CB6D /* MainVC.swift */; };
		CE4514C3260DF1D40069CB6D /* AccountApp.xcdatamodeld in Sources */ = {isa = PBXBuildFile; fileRef = CE4514C1260DF1D40069CB6D /* AccountApp.xcdatamodeld */; };
		CE4514C5260DF1D70069CB6D /* Assets.xcassets in Resources */ = {isa = PBXBuildFile; fileRef = CE4514C4260DF1D70069CB6D /* Assets.xcassets */; };
		CE4514C8260DF1D70069CB6D /* LaunchScreen.storyboard in Resources */ = {isa = PBXBuildFile; fileRef = CE4514C6260DF1D70069CB6D /* LaunchScreen.storyboard */; };
		CE47740E261F31CF00A6DD5B /* ListOfAccountsScreen.storyboard in Resources */ = {isa = PBXBuildFile; fileRef = CE47740D261F31CF00A6DD5B /* ListOfAccountsScreen.storyboard */; };
		CE477411261F328600A6DD5B /* SettingsScreen.storyboard in Resources */ = {isa = PBXBuildFile; fileRef = CE477410261F328600A6DD5B /* SettingsScreen.storyboard */; };
		CE477414261F337200A6DD5B /* ListOfAccountsVC.swift in Sources */ = {isa = PBXBuildFile; fileRef = CE477413261F337200A6DD5B /* ListOfAccountsVC.swift */; };
		CE477417261F33AB00A6DD5B /* SettingsVC.swift in Sources */ = {isa = PBXBuildFile; fileRef = CE477416261F33AB00A6DD5B /* SettingsVC.swift */; };
		CE477431261F387D00A6DD5B /* CustomViewForEditCredentialsCell.swift in Sources */ = {isa = PBXBuildFile; fileRef = CE47742F261F387D00A6DD5B /* CustomViewForEditCredentialsCell.swift */; };
		CE477432261F387D00A6DD5B /* CustomViewForEditCredentialsCell.xib in Resources */ = {isa = PBXBuildFile; fileRef = CE477430261F387D00A6DD5B /* CustomViewForEditCredentialsCell.xib */; };
		CE477442261F526F00A6DD5B /* Constants.swift in Sources */ = {isa = PBXBuildFile; fileRef = CE477441261F526F00A6DD5B /* Constants.swift */; };
		CE47F435261DE19B005F1C69 /* .swiftlint.yml in Resources */ = {isa = PBXBuildFile; fileRef = CE47F434261DE19B005F1C69 /* .swiftlint.yml */; };
		CE47F43E261DE374005F1C69 /* WelcomeScreenVC.swift in Sources */ = {isa = PBXBuildFile; fileRef = CE47F43D261DE374005F1C69 /* WelcomeScreenVC.swift */; };
		CE47F447261DE3A6005F1C69 /* MainScreen.storyboard in Resources */ = {isa = PBXBuildFile; fileRef = CE47F446261DE3A6005F1C69 /* MainScreen.storyboard */; };
		CE47F44A261DE3B0005F1C69 /* Main.storyboard in Resources */ = {isa = PBXBuildFile; fileRef = CE47F449261DE3B0005F1C69 /* Main.storyboard */; };
		CE47F44D261DE47F005F1C69 /* UserModel.swift in Sources */ = {isa = PBXBuildFile; fileRef = CE47F44C261DE47F005F1C69 /* UserModel.swift */; };
		CE47F472261DF129005F1C69 /* RegistrationVC.swift in Sources */ = {isa = PBXBuildFile; fileRef = CE47F471261DF129005F1C69 /* RegistrationVC.swift */; };
		CE47F475261DF19C005F1C69 /* RegistrationScreen.storyboard in Resources */ = {isa = PBXBuildFile; fileRef = CE47F474261DF19C005F1C69 /* RegistrationScreen.storyboard */; };
		CE48AEC7262045EA0076B311 /* StringExtensions.swift in Sources */ = {isa = PBXBuildFile; fileRef = CE48AEC6262045EA0076B311 /* StringExtensions.swift */; };
		CE48AED326207FC60076B311 /* ChangeProfileScreen.storyboard in Resources */ = {isa = PBXBuildFile; fileRef = CE48AED226207FC60076B311 /* ChangeProfileScreen.storyboard */; };
		CE48AED626207FEF0076B311 /* ChangeProfileVC.swift in Sources */ = {isa = PBXBuildFile; fileRef = CE48AED526207FEF0076B311 /* ChangeProfileVC.swift */; };
		CE59069626E5FCC30059C84C /* RegistrationVM.swift in Sources */ = {isa = PBXBuildFile; fileRef = CE59069526E5FCC30059C84C /* RegistrationVM.swift */; };
		CE59069826E650710059C84C /* LoginVM.swift in Sources */ = {isa = PBXBuildFile; fileRef = CE59069726E650710059C84C /* LoginVM.swift */; };
		CE59069A26E655470059C84C /* ChangeProfileVM.swift in Sources */ = {isa = PBXBuildFile; fileRef = CE59069926E655470059C84C /* ChangeProfileVM.swift */; };
		CE59069C26E660360059C84C /* SettingsVM.swift in Sources */ = {isa = PBXBuildFile; fileRef = CE59069B26E660360059C84C /* SettingsVM.swift */; };
		CE5BEC2A26DFB6CC00685981 /* Strings.swift in Sources */ = {isa = PBXBuildFile; fileRef = CE5BEC2926DFB6CC00685981 /* Strings.swift */; };
		CE5BEC2C26DFBD5C00685981 /* LanguageEnum.swift in Sources */ = {isa = PBXBuildFile; fileRef = CE5BEC2B26DFBD5C00685981 /* LanguageEnum.swift */; };
		CE5BEC2E26DFC6E000685981 /* NotificationExtension.swift in Sources */ = {isa = PBXBuildFile; fileRef = CE5BEC2D26DFC6E000685981 /* NotificationExtension.swift */; };
		CE5BEC3026DFC72C00685981 /* LanguageNotificationHandler.swift in Sources */ = {isa = PBXBuildFile; fileRef = CE5BEC2F26DFC72C00685981 /* LanguageNotificationHandler.swift */; };
		CE5BEC3226DFC74C00685981 /* NotificationHandler.swift in Sources */ = {isa = PBXBuildFile; fileRef = CE5BEC3126DFC74C00685981 /* NotificationHandler.swift */; };
		CE5ED1FF26E89D46007FCADF /* MainStep.swift in Sources */ = {isa = PBXBuildFile; fileRef = CE5ED1FE26E89D46007FCADF /* MainStep.swift */; };
		CE5ED20126E8A53C007FCADF /* UIWindowExtension.swift in Sources */ = {isa = PBXBuildFile; fileRef = CE5ED20026E8A53C007FCADF /* UIWindowExtension.swift */; };
		CE5ED20426E8AF90007FCADF /* AuthFlow.swift in Sources */ = {isa = PBXBuildFile; fileRef = CE5ED20326E8AF90007FCADF /* AuthFlow.swift */; };
		CE5ED20626E8AF99007FCADF /* AuthStep.swift in Sources */ = {isa = PBXBuildFile; fileRef = CE5ED20526E8AF99007FCADF /* AuthStep.swift */; };
		CE5ED20826E8B607007FCADF /* LoginFlow.swift in Sources */ = {isa = PBXBuildFile; fileRef = CE5ED20726E8B607007FCADF /* LoginFlow.swift */; };
		CE5ED20A26E8C04C007FCADF /* LoginStep.swift in Sources */ = {isa = PBXBuildFile; fileRef = CE5ED20926E8C04C007FCADF /* LoginStep.swift */; };
		CE5ED20C26E8C500007FCADF /* UIViewControllerExtension.swift in Sources */ = {isa = PBXBuildFile; fileRef = CE5ED20B26E8C500007FCADF /* UIViewControllerExtension.swift */; };
		CE5ED20F26E8D101007FCADF /* RegistrationFlow.swift in Sources */ = {isa = PBXBuildFile; fileRef = CE5ED20E26E8D101007FCADF /* RegistrationFlow.swift */; };
		CE5ED21126E8D10C007FCADF /* RegistrationStep.swift in Sources */ = {isa = PBXBuildFile; fileRef = CE5ED21026E8D10C007FCADF /* RegistrationStep.swift */; };
		CE63301126DCF56C00E8F311 /* LogInVC.swift in Sources */ = {isa = PBXBuildFile; fileRef = CE63301026DCF56C00E8F311 /* LogInVC.swift */; };
		CE63301326DCF57E00E8F311 /* LogInScreen.storyboard in Resources */ = {isa = PBXBuildFile; fileRef = CE63301226DCF57E00E8F311 /* LogInScreen.storyboard */; };
		CE63301526DCFD7200E8F311 /* CoreDataDB.swift in Sources */ = {isa = PBXBuildFile; fileRef = CE63301426DCFD7200E8F311 /* CoreDataDB.swift */; };
		CE649D4B26E21E0B0043730C /* FirstVC.swift in Sources */ = {isa = PBXBuildFile; fileRef = CE649D4A26E21E0B0043730C /* FirstVC.swift */; };
		CE649D4F26E221610043730C /* FirstScreen.storyboard in Resources */ = {isa = PBXBuildFile; fileRef = CE649D4E26E221610043730C /* FirstScreen.storyboard */; };
		CE649D5126E222CC0043730C /* WelcomeScreenVM.swift in Sources */ = {isa = PBXBuildFile; fileRef = CE649D5026E222CC0043730C /* WelcomeScreenVM.swift */; };
		CE6EAF4926E74CB5002785F0 /* SwitchLanguageVM.swift in Sources */ = {isa = PBXBuildFile; fileRef = CE6EAF4826E74CB5002785F0 /* SwitchLanguageVM.swift */; };
		CE6EAF4B26E75D0F002785F0 /* SwitchThemeVM.swift in Sources */ = {isa = PBXBuildFile; fileRef = CE6EAF4A26E75D0F002785F0 /* SwitchThemeVM.swift */; };
		CE6EAF4D26E78C10002785F0 /* XibExtensions.swift in Sources */ = {isa = PBXBuildFile; fileRef = CE6EAF4C26E78C10002785F0 /* XibExtensions.swift */; };
		CE6EAF4F26E78DFF002785F0 /* ValidationManager.swift in Sources */ = {isa = PBXBuildFile; fileRef = CE6EAF4E26E78DFF002785F0 /* ValidationManager.swift */; };
		CE7821A226E7A171006FF957 /* AppFlow.swift in Sources */ = {isa = PBXBuildFile; fileRef = CE7821A126E7A171006FF957 /* AppFlow.swift */; };
		CE7821A426E7A1F2006FF957 /* AppStepper.swift in Sources */ = {isa = PBXBuildFile; fileRef = CE7821A326E7A1F2006FF957 /* AppStepper.swift */; };
		CE7821A626E7A249006FF957 /* AppStep.swift in Sources */ = {isa = PBXBuildFile; fileRef = CE7821A526E7A249006FF957 /* AppStep.swift */; };
		CE7821A926E7A41A006FF957 /* MainFlow.swift in Sources */ = {isa = PBXBuildFile; fileRef = CE7821A826E7A41A006FF957 /* MainFlow.swift */; };
		CE7821AE26E7A567006FF957 /* FirstFlow.swift in Sources */ = {isa = PBXBuildFile; fileRef = CE7821AD26E7A567006FF957 /* FirstFlow.swift */; };
		CE7821B026E7A575006FF957 /* FirstStep.swift in Sources */ = {isa = PBXBuildFile; fileRef = CE7821AF26E7A575006FF957 /* FirstStep.swift */; };
		CE7821B226E7A583006FF957 /* SettingsFlow.swift in Sources */ = {isa = PBXBuildFile; fileRef = CE7821B126E7A583006FF957 /* SettingsFlow.swift */; };
		CE7821B426E7A58C006FF957 /* SettingsStep.swift in Sources */ = {isa = PBXBuildFile; fileRef = CE7821B326E7A58C006FF957 /* SettingsStep.swift */; };
		CE7821B626E7A59D006FF957 /* ListOfAccountsFlow.swift in Sources */ = {isa = PBXBuildFile; fileRef = CE7821B526E7A59D006FF957 /* ListOfAccountsFlow.swift */; };
		CE7821B826E7A5AB006FF957 /* ListOfAccountsStep.swift in Sources */ = {isa = PBXBuildFile; fileRef = CE7821B726E7A5AB006FF957 /* ListOfAccountsStep.swift */; };
		CE7821BB26E7B649006FF957 /* SwitchThemeFlow.swift in Sources */ = {isa = PBXBuildFile; fileRef = CE7821BA26E7B649006FF957 /* SwitchThemeFlow.swift */; };
		CE7821BD26E7B653006FF957 /* SwitchThemeStep.swift in Sources */ = {isa = PBXBuildFile; fileRef = CE7821BC26E7B653006FF957 /* SwitchThemeStep.swift */; };
		CE7821C026E7B6EE006FF957 /* SwitchLanguageFlow.swift in Sources */ = {isa = PBXBuildFile; fileRef = CE7821BF26E7B6EE006FF957 /* SwitchLanguageFlow.swift */; };
		CE7821C226E7B6F8006FF957 /* SwitchLanguageStep.swift in Sources */ = {isa = PBXBuildFile; fileRef = CE7821C126E7B6F8006FF957 /* SwitchLanguageStep.swift */; };
		CE7821C526E7B796006FF957 /* ChangeProfileFlow.swift in Sources */ = {isa = PBXBuildFile; fileRef = CE7821C426E7B796006FF957 /* ChangeProfileFlow.swift */; };
		CE7821C726E7B7A5006FF957 /* ChangeProfileStep.swift in Sources */ = {isa = PBXBuildFile; fileRef = CE7821C626E7B7A5006FF957 /* ChangeProfileStep.swift */; };
		CED9CF2326DE142900DC239B /* SessionManager.swift in Sources */ = {isa = PBXBuildFile; fileRef = CED9CF2226DE142900DC239B /* SessionManager.swift */; };
		CED9CF2526DE265D00DC239B /* LogOutViewCell.swift in Sources */ = {isa = PBXBuildFile; fileRef = CED9CF2426DE265D00DC239B /* LogOutViewCell.swift */; };
		CED9CF2726DE266C00DC239B /* LogOutViewCell.xib in Resources */ = {isa = PBXBuildFile; fileRef = CED9CF2626DE266C00DC239B /* LogOutViewCell.xib */; };
		CED9CF2B26DE513700DC239B /* Localizable.strings in Resources */ = {isa = PBXBuildFile; fileRef = CED9CF2D26DE513700DC239B /* Localizable.strings */; };
		CED9CF3126DE5CD500DC239B /* SwitchLanguageVC.swift in Sources */ = {isa = PBXBuildFile; fileRef = CED9CF3026DE5CD500DC239B /* SwitchLanguageVC.swift */; };
		CED9CF3326DE5CE300DC239B /* SwitchLanguageScreen.storyboard in Resources */ = {isa = PBXBuildFile; fileRef = CED9CF3226DE5CE300DC239B /* SwitchLanguageScreen.storyboard */; };
/* End PBXBuildFile section */

/* Begin PBXFileReference section */
		0502EE744CB9E9E26590DBA4 /* Pods_AccountApp.framework */ = {isa = PBXFileReference; explicitFileType = wrapper.framework; includeInIndex = 0; path = Pods_AccountApp.framework; sourceTree = BUILT_PRODUCTS_DIR; };
		2B337A2260642194A181D366 /* Pods-AccountApp.debug.xcconfig */ = {isa = PBXFileReference; includeInIndex = 1; lastKnownFileType = text.xcconfig; name = "Pods-AccountApp.debug.xcconfig"; path = "Target Support Files/Pods-AccountApp/Pods-AccountApp.debug.xcconfig"; sourceTree = "<group>"; };
		581C8B406315EA81E6D31390 /* Pods-AccountApp.release.xcconfig */ = {isa = PBXFileReference; includeInIndex = 1; lastKnownFileType = text.xcconfig; name = "Pods-AccountApp.release.xcconfig"; path = "Target Support Files/Pods-AccountApp/Pods-AccountApp.release.xcconfig"; sourceTree = "<group>"; };
		CE1B99B226E100000004280D /* SwitchThemeVC.swift */ = {isa = PBXFileReference; lastKnownFileType = sourcecode.swift; path = SwitchThemeVC.swift; sourceTree = "<group>"; };
		CE1B99B426E1002F0004280D /* SwitchThemeScreen.storyboard */ = {isa = PBXFileReference; lastKnownFileType = file.storyboard; path = SwitchThemeScreen.storyboard; sourceTree = "<group>"; };
		CE1B99B726E10C850004280D /* Colors.xcassets */ = {isa = PBXFileReference; lastKnownFileType = folder.assetcatalog; path = Colors.xcassets; sourceTree = "<group>"; };
		CE1B99BA26E10E5F0004280D /* LightTheme.swift */ = {isa = PBXFileReference; lastKnownFileType = sourcecode.swift; path = LightTheme.swift; sourceTree = "<group>"; };
		CE1B99BC26E10E670004280D /* DarkTheme.swift */ = {isa = PBXFileReference; lastKnownFileType = sourcecode.swift; path = DarkTheme.swift; sourceTree = "<group>"; };
		CE1B99BE26E10EBC0004280D /* Theme.swift */ = {isa = PBXFileReference; lastKnownFileType = sourcecode.swift; path = Theme.swift; sourceTree = "<group>"; };
		CE4514B5260DF1D40069CB6D /* AccountApp.app */ = {isa = PBXFileReference; explicitFileType = wrapper.application; includeInIndex = 0; path = AccountApp.app; sourceTree = BUILT_PRODUCTS_DIR; };
		CE4514B8260DF1D40069CB6D /* AppDelegate.swift */ = {isa = PBXFileReference; lastKnownFileType = sourcecode.swift; path = AppDelegate.swift; sourceTree = "<group>"; };
		CE4514BA260DF1D40069CB6D /* SceneDelegate.swift */ = {isa = PBXFileReference; lastKnownFileType = sourcecode.swift; path = SceneDelegate.swift; sourceTree = "<group>"; };
		CE4514BC260DF1D40069CB6D /* MainVC.swift */ = {isa = PBXFileReference; lastKnownFileType = sourcecode.swift; path = MainVC.swift; sourceTree = "<group>"; };
		CE4514C2260DF1D40069CB6D /* AccountApp.xcdatamodel */ = {isa = PBXFileReference; lastKnownFileType = wrapper.xcdatamodel; path = AccountApp.xcdatamodel; sourceTree = "<group>"; };
		CE4514C4260DF1D70069CB6D /* Assets.xcassets */ = {isa = PBXFileReference; lastKnownFileType = folder.assetcatalog; path = Assets.xcassets; sourceTree = "<group>"; };
		CE4514C7260DF1D70069CB6D /* Base */ = {isa = PBXFileReference; lastKnownFileType = file.storyboard; name = Base; path = Base.lproj/LaunchScreen.storyboard; sourceTree = "<group>"; };
		CE4514C9260DF1D70069CB6D /* Info.plist */ = {isa = PBXFileReference; lastKnownFileType = text.plist.xml; path = Info.plist; sourceTree = "<group>"; };
		CE47740D261F31CF00A6DD5B /* ListOfAccountsScreen.storyboard */ = {isa = PBXFileReference; lastKnownFileType = file.storyboard; path = ListOfAccountsScreen.storyboard; sourceTree = "<group>"; };
		CE477410261F328600A6DD5B /* SettingsScreen.storyboard */ = {isa = PBXFileReference; lastKnownFileType = file.storyboard; path = SettingsScreen.storyboard; sourceTree = "<group>"; };
		CE477413261F337200A6DD5B /* ListOfAccountsVC.swift */ = {isa = PBXFileReference; lastKnownFileType = sourcecode.swift; path = ListOfAccountsVC.swift; sourceTree = "<group>"; };
		CE477416261F33AB00A6DD5B /* SettingsVC.swift */ = {isa = PBXFileReference; lastKnownFileType = sourcecode.swift; path = SettingsVC.swift; sourceTree = "<group>"; };
		CE47742F261F387D00A6DD5B /* CustomViewForEditCredentialsCell.swift */ = {isa = PBXFileReference; lastKnownFileType = sourcecode.swift; path = CustomViewForEditCredentialsCell.swift; sourceTree = "<group>"; };
		CE477430261F387D00A6DD5B /* CustomViewForEditCredentialsCell.xib */ = {isa = PBXFileReference; lastKnownFileType = file.xib; path = CustomViewForEditCredentialsCell.xib; sourceTree = "<group>"; };
		CE477441261F526F00A6DD5B /* Constants.swift */ = {isa = PBXFileReference; lastKnownFileType = sourcecode.swift; path = Constants.swift; sourceTree = "<group>"; };
		CE47F434261DE19B005F1C69 /* .swiftlint.yml */ = {isa = PBXFileReference; lastKnownFileType = text.yaml; path = .swiftlint.yml; sourceTree = "<group>"; };
		CE47F43D261DE374005F1C69 /* WelcomeScreenVC.swift */ = {isa = PBXFileReference; lastKnownFileType = sourcecode.swift; path = WelcomeScreenVC.swift; sourceTree = "<group>"; };
		CE47F446261DE3A6005F1C69 /* MainScreen.storyboard */ = {isa = PBXFileReference; lastKnownFileType = file.storyboard; path = MainScreen.storyboard; sourceTree = "<group>"; };
		CE47F449261DE3B0005F1C69 /* Main.storyboard */ = {isa = PBXFileReference; lastKnownFileType = file.storyboard; path = Main.storyboard; sourceTree = "<group>"; };
		CE47F44C261DE47F005F1C69 /* UserModel.swift */ = {isa = PBXFileReference; lastKnownFileType = sourcecode.swift; path = UserModel.swift; sourceTree = "<group>"; };
		CE47F471261DF129005F1C69 /* RegistrationVC.swift */ = {isa = PBXFileReference; lastKnownFileType = sourcecode.swift; path = RegistrationVC.swift; sourceTree = "<group>"; };
		CE47F474261DF19C005F1C69 /* RegistrationScreen.storyboard */ = {isa = PBXFileReference; lastKnownFileType = file.storyboard; path = RegistrationScreen.storyboard; sourceTree = "<group>"; };
		CE48AEC6262045EA0076B311 /* StringExtensions.swift */ = {isa = PBXFileReference; lastKnownFileType = sourcecode.swift; path = StringExtensions.swift; sourceTree = "<group>"; };
		CE48AED226207FC60076B311 /* ChangeProfileScreen.storyboard */ = {isa = PBXFileReference; lastKnownFileType = file.storyboard; path = ChangeProfileScreen.storyboard; sourceTree = "<group>"; };
		CE48AED526207FEF0076B311 /* ChangeProfileVC.swift */ = {isa = PBXFileReference; lastKnownFileType = sourcecode.swift; path = ChangeProfileVC.swift; sourceTree = "<group>"; };
		CE59069526E5FCC30059C84C /* RegistrationVM.swift */ = {isa = PBXFileReference; lastKnownFileType = sourcecode.swift; path = RegistrationVM.swift; sourceTree = "<group>"; };
		CE59069726E650710059C84C /* LoginVM.swift */ = {isa = PBXFileReference; lastKnownFileType = sourcecode.swift; path = LoginVM.swift; sourceTree = "<group>"; };
		CE59069926E655470059C84C /* ChangeProfileVM.swift */ = {isa = PBXFileReference; lastKnownFileType = sourcecode.swift; path = ChangeProfileVM.swift; sourceTree = "<group>"; };
		CE59069B26E660360059C84C /* SettingsVM.swift */ = {isa = PBXFileReference; lastKnownFileType = sourcecode.swift; path = SettingsVM.swift; sourceTree = "<group>"; };
		CE5BEC2826DFB21800685981 /* swiftgen.yml */ = {isa = PBXFileReference; lastKnownFileType = text.yaml; path = swiftgen.yml; sourceTree = "<group>"; };
		CE5BEC2926DFB6CC00685981 /* Strings.swift */ = {isa = PBXFileReference; fileEncoding = 4; lastKnownFileType = sourcecode.swift; path = Strings.swift; sourceTree = "<group>"; };
		CE5BEC2B26DFBD5C00685981 /* LanguageEnum.swift */ = {isa = PBXFileReference; lastKnownFileType = sourcecode.swift; path = LanguageEnum.swift; sourceTree = "<group>"; };
		CE5BEC2D26DFC6E000685981 /* NotificationExtension.swift */ = {isa = PBXFileReference; lastKnownFileType = sourcecode.swift; path = NotificationExtension.swift; sourceTree = "<group>"; };
		CE5BEC2F26DFC72C00685981 /* LanguageNotificationHandler.swift */ = {isa = PBXFileReference; lastKnownFileType = sourcecode.swift; path = LanguageNotificationHandler.swift; sourceTree = "<group>"; };
		CE5BEC3126DFC74C00685981 /* NotificationHandler.swift */ = {isa = PBXFileReference; lastKnownFileType = sourcecode.swift; path = NotificationHandler.swift; sourceTree = "<group>"; };
		CE5ED1FE26E89D46007FCADF /* MainStep.swift */ = {isa = PBXFileReference; lastKnownFileType = sourcecode.swift; path = MainStep.swift; sourceTree = "<group>"; };
		CE5ED20026E8A53C007FCADF /* UIWindowExtension.swift */ = {isa = PBXFileReference; lastKnownFileType = sourcecode.swift; path = UIWindowExtension.swift; sourceTree = "<group>"; };
		CE5ED20326E8AF90007FCADF /* AuthFlow.swift */ = {isa = PBXFileReference; lastKnownFileType = sourcecode.swift; path = AuthFlow.swift; sourceTree = "<group>"; };
		CE5ED20526E8AF99007FCADF /* AuthStep.swift */ = {isa = PBXFileReference; lastKnownFileType = sourcecode.swift; path = AuthStep.swift; sourceTree = "<group>"; };
		CE5ED20726E8B607007FCADF /* LoginFlow.swift */ = {isa = PBXFileReference; lastKnownFileType = sourcecode.swift; path = LoginFlow.swift; sourceTree = "<group>"; };
		CE5ED20926E8C04C007FCADF /* LoginStep.swift */ = {isa = PBXFileReference; lastKnownFileType = sourcecode.swift; path = LoginStep.swift; sourceTree = "<group>"; };
		CE5ED20B26E8C500007FCADF /* UIViewControllerExtension.swift */ = {isa = PBXFileReference; lastKnownFileType = sourcecode.swift; path = UIViewControllerExtension.swift; sourceTree = "<group>"; };
		CE5ED20E26E8D101007FCADF /* RegistrationFlow.swift */ = {isa = PBXFileReference; lastKnownFileType = sourcecode.swift; path = RegistrationFlow.swift; sourceTree = "<group>"; };
		CE5ED21026E8D10C007FCADF /* RegistrationStep.swift */ = {isa = PBXFileReference; lastKnownFileType = sourcecode.swift; path = RegistrationStep.swift; sourceTree = "<group>"; };
		CE63301026DCF56C00E8F311 /* LogInVC.swift */ = {isa = PBXFileReference; lastKnownFileType = sourcecode.swift; path = LogInVC.swift; sourceTree = "<group>"; };
		CE63301226DCF57E00E8F311 /* LogInScreen.storyboard */ = {isa = PBXFileReference; lastKnownFileType = file.storyboard; path = LogInScreen.storyboard; sourceTree = "<group>"; };
		CE63301426DCFD7200E8F311 /* CoreDataDB.swift */ = {isa = PBXFileReference; lastKnownFileType = sourcecode.swift; path = CoreDataDB.swift; sourceTree = "<group>"; };
		CE649D4A26E21E0B0043730C /* FirstVC.swift */ = {isa = PBXFileReference; lastKnownFileType = sourcecode.swift; path = FirstVC.swift; sourceTree = "<group>"; };
		CE649D4E26E221610043730C /* FirstScreen.storyboard */ = {isa = PBXFileReference; fileEncoding = 4; lastKnownFileType = file.storyboard; path = FirstScreen.storyboard; sourceTree = "<group>"; };
		CE649D5026E222CC0043730C /* WelcomeScreenVM.swift */ = {isa = PBXFileReference; lastKnownFileType = sourcecode.swift; path = WelcomeScreenVM.swift; sourceTree = "<group>"; };
		CE6EAF4826E74CB5002785F0 /* SwitchLanguageVM.swift */ = {isa = PBXFileReference; lastKnownFileType = sourcecode.swift; path = SwitchLanguageVM.swift; sourceTree = "<group>"; };
		CE6EAF4A26E75D0F002785F0 /* SwitchThemeVM.swift */ = {isa = PBXFileReference; lastKnownFileType = sourcecode.swift; path = SwitchThemeVM.swift; sourceTree = "<group>"; };
		CE6EAF4C26E78C10002785F0 /* XibExtensions.swift */ = {isa = PBXFileReference; lastKnownFileType = sourcecode.swift; path = XibExtensions.swift; sourceTree = "<group>"; };
		CE6EAF4E26E78DFF002785F0 /* ValidationManager.swift */ = {isa = PBXFileReference; lastKnownFileType = sourcecode.swift; path = ValidationManager.swift; sourceTree = "<group>"; };
		CE7821A126E7A171006FF957 /* AppFlow.swift */ = {isa = PBXFileReference; lastKnownFileType = sourcecode.swift; path = AppFlow.swift; sourceTree = "<group>"; };
		CE7821A326E7A1F2006FF957 /* AppStepper.swift */ = {isa = PBXFileReference; lastKnownFileType = sourcecode.swift; path = AppStepper.swift; sourceTree = "<group>"; };
		CE7821A526E7A249006FF957 /* AppStep.swift */ = {isa = PBXFileReference; lastKnownFileType = sourcecode.swift; path = AppStep.swift; sourceTree = "<group>"; };
		CE7821A826E7A41A006FF957 /* MainFlow.swift */ = {isa = PBXFileReference; lastKnownFileType = sourcecode.swift; path = MainFlow.swift; sourceTree = "<group>"; };
		CE7821AD26E7A567006FF957 /* FirstFlow.swift */ = {isa = PBXFileReference; lastKnownFileType = sourcecode.swift; path = FirstFlow.swift; sourceTree = "<group>"; };
		CE7821AF26E7A575006FF957 /* FirstStep.swift */ = {isa = PBXFileReference; lastKnownFileType = sourcecode.swift; path = FirstStep.swift; sourceTree = "<group>"; };
		CE7821B126E7A583006FF957 /* SettingsFlow.swift */ = {isa = PBXFileReference; lastKnownFileType = sourcecode.swift; path = SettingsFlow.swift; sourceTree = "<group>"; };
		CE7821B326E7A58C006FF957 /* SettingsStep.swift */ = {isa = PBXFileReference; lastKnownFileType = sourcecode.swift; path = SettingsStep.swift; sourceTree = "<group>"; };
		CE7821B526E7A59D006FF957 /* ListOfAccountsFlow.swift */ = {isa = PBXFileReference; lastKnownFileType = sourcecode.swift; path = ListOfAccountsFlow.swift; sourceTree = "<group>"; };
		CE7821B726E7A5AB006FF957 /* ListOfAccountsStep.swift */ = {isa = PBXFileReference; lastKnownFileType = sourcecode.swift; path = ListOfAccountsStep.swift; sourceTree = "<group>"; };
		CE7821BA26E7B649006FF957 /* SwitchThemeFlow.swift */ = {isa = PBXFileReference; lastKnownFileType = sourcecode.swift; path = SwitchThemeFlow.swift; sourceTree = "<group>"; };
		CE7821BC26E7B653006FF957 /* SwitchThemeStep.swift */ = {isa = PBXFileReference; lastKnownFileType = sourcecode.swift; path = SwitchThemeStep.swift; sourceTree = "<group>"; };
		CE7821BF26E7B6EE006FF957 /* SwitchLanguageFlow.swift */ = {isa = PBXFileReference; lastKnownFileType = sourcecode.swift; path = SwitchLanguageFlow.swift; sourceTree = "<group>"; };
		CE7821C126E7B6F8006FF957 /* SwitchLanguageStep.swift */ = {isa = PBXFileReference; lastKnownFileType = sourcecode.swift; path = SwitchLanguageStep.swift; sourceTree = "<group>"; };
		CE7821C426E7B796006FF957 /* ChangeProfileFlow.swift */ = {isa = PBXFileReference; lastKnownFileType = sourcecode.swift; path = ChangeProfileFlow.swift; sourceTree = "<group>"; };
		CE7821C626E7B7A5006FF957 /* ChangeProfileStep.swift */ = {isa = PBXFileReference; lastKnownFileType = sourcecode.swift; path = ChangeProfileStep.swift; sourceTree = "<group>"; };
		CED9CF2226DE142900DC239B /* SessionManager.swift */ = {isa = PBXFileReference; lastKnownFileType = sourcecode.swift; path = SessionManager.swift; sourceTree = "<group>"; };
		CED9CF2426DE265D00DC239B /* LogOutViewCell.swift */ = {isa = PBXFileReference; lastKnownFileType = sourcecode.swift; path = LogOutViewCell.swift; sourceTree = "<group>"; };
		CED9CF2626DE266C00DC239B /* LogOutViewCell.xib */ = {isa = PBXFileReference; lastKnownFileType = file.xib; path = LogOutViewCell.xib; sourceTree = "<group>"; };
		CED9CF2826DE50CD00DC239B /* ru */ = {isa = PBXFileReference; lastKnownFileType = text.plist.strings; name = ru; path = ru.lproj/LaunchScreen.strings; sourceTree = "<group>"; };
		CED9CF2C26DE513700DC239B /* en */ = {isa = PBXFileReference; lastKnownFileType = text.plist.strings; name = en; path = en.lproj/Localizable.strings; sourceTree = "<group>"; };
		CED9CF2E26DE513B00DC239B /* ru */ = {isa = PBXFileReference; lastKnownFileType = text.plist.strings; name = ru; path = ru.lproj/Localizable.strings; sourceTree = "<group>"; };
		CED9CF3026DE5CD500DC239B /* SwitchLanguageVC.swift */ = {isa = PBXFileReference; lastKnownFileType = sourcecode.swift; path = SwitchLanguageVC.swift; sourceTree = "<group>"; };
		CED9CF3226DE5CE300DC239B /* SwitchLanguageScreen.storyboard */ = {isa = PBXFileReference; lastKnownFileType = file.storyboard; path = SwitchLanguageScreen.storyboard; sourceTree = "<group>"; };
/* End PBXFileReference section */

/* Begin PBXFrameworksBuildPhase section */
		CE4514B2260DF1D40069CB6D /* Frameworks */ = {
			isa = PBXFrameworksBuildPhase;
			buildActionMask = 2147483647;
			files = (
				6F6FEBF953F2DB26B02037D5 /* Pods_AccountApp.framework in Frameworks */,
			);
			runOnlyForDeploymentPostprocessing = 0;
		};
/* End PBXFrameworksBuildPhase section */

/* Begin PBXGroup section */
		0A60085C0CF9098343362313 /* Pods */ = {
			isa = PBXGroup;
			children = (
				2B337A2260642194A181D366 /* Pods-AccountApp.debug.xcconfig */,
				581C8B406315EA81E6D31390 /* Pods-AccountApp.release.xcconfig */,
			);
			path = Pods;
			sourceTree = "<group>";
		};
		779F9B7F1BE008107749426A /* Frameworks */ = {
			isa = PBXGroup;
			children = (
				0502EE744CB9E9E26590DBA4 /* Pods_AccountApp.framework */,
			);
			name = Frameworks;
			sourceTree = "<group>";
		};
		CE1B99B126E0FFE30004280D /* SwitchThemeScreen */ = {
			isa = PBXGroup;
			children = (
				CE7821B926E7B5A9006FF957 /* Flow */,
				CE1B99B226E100000004280D /* SwitchThemeVC.swift */,
				CE1B99B426E1002F0004280D /* SwitchThemeScreen.storyboard */,
				CE6EAF4A26E75D0F002785F0 /* SwitchThemeVM.swift */,
			);
			path = SwitchThemeScreen;
			sourceTree = "<group>";
		};
		CE1B99B926E10E490004280D /* Themes */ = {
			isa = PBXGroup;
			children = (
				CE1B99BA26E10E5F0004280D /* LightTheme.swift */,
				CE1B99BC26E10E670004280D /* DarkTheme.swift */,
				CE1B99BE26E10EBC0004280D /* Theme.swift */,
			);
			path = Themes;
			sourceTree = "<group>";
		};
		CE4514AC260DF1D40069CB6D = {
			isa = PBXGroup;
			children = (
				CE5BEC2826DFB21800685981 /* swiftgen.yml */,
				CE4514B7260DF1D40069CB6D /* AccountApp */,
				779F9B7F1BE008107749426A /* Frameworks */,
				0A60085C0CF9098343362313 /* Pods */,
				CE4514B6260DF1D40069CB6D /* Products */,
				CE47F434261DE19B005F1C69 /* .swiftlint.yml */,
			);
			sourceTree = "<group>";
		};
		CE4514B6260DF1D40069CB6D /* Products */ = {
			isa = PBXGroup;
			children = (
				CE4514B5260DF1D40069CB6D /* AccountApp.app */,
			);
			name = Products;
			sourceTree = "<group>";
		};
		CE4514B7260DF1D40069CB6D /* AccountApp */ = {
			isa = PBXGroup;
			children = (
				CE1B99B926E10E490004280D /* Themes */,
				CE5BEC0D26DFA05000685981 /* SwiftGen */,
				CE45154E260E11F90069CB6D /* Application */,
				CE47F432261DE0A2005F1C69 /* CoreData */,
				CE47F42C261DDFAC005F1C69 /* Models */,
				CE47F42D261DDFC2005F1C69 /* Modules */,
				CE47F42F261DE015005F1C69 /* Resources */,
				CE47F433261DE0B9005F1C69 /* Utils */,
				CE47F439261DE1F4005F1C69 /* Views */,
			);
			path = AccountApp;
			sourceTree = "<group>";
		};
		CE45154E260E11F90069CB6D /* Application */ = {
			isa = PBXGroup;
			children = (
				CE4514C9260DF1D70069CB6D /* Info.plist */,
				CE4514B8260DF1D40069CB6D /* AppDelegate.swift */,
				CE4514BA260DF1D40069CB6D /* SceneDelegate.swift */,
			);
			path = Application;
			sourceTree = "<group>";
		};
		CE47741B261F33D100A6DD5B /* ListOfAccountsScreen */ = {
			isa = PBXGroup;
			children = (
				CE7821AC26E7A550006FF957 /* Flow */,
				CE47740D261F31CF00A6DD5B /* ListOfAccountsScreen.storyboard */,
				CE477413261F337200A6DD5B /* ListOfAccountsVC.swift */,
			);
			path = ListOfAccountsScreen;
			sourceTree = "<group>";
		};
		CE47741C261F341700A6DD5B /* SettingsScreen */ = {
			isa = PBXGroup;
			children = (
				CE7821AB26E7A547006FF957 /* Flow */,
				CE1B99B126E0FFE30004280D /* SwitchThemeScreen */,
				CED9CF2F26DE5CB500DC239B /* SwitchLanguageScreen */,
				CE48AED126207F990076B311 /* ChangeProfileScreen */,
				CE477410261F328600A6DD5B /* SettingsScreen.storyboard */,
				CE477416261F33AB00A6DD5B /* SettingsVC.swift */,
				CE59069B26E660360059C84C /* SettingsVM.swift */,
			);
			path = SettingsScreen;
			sourceTree = "<group>";
		};
		CE47F42C261DDFAC005F1C69 /* Models */ = {
			isa = PBXGroup;
			children = (
				CE47F44C261DE47F005F1C69 /* UserModel.swift */,
			);
			path = Models;
			sourceTree = "<group>";
		};
		CE47F42D261DDFC2005F1C69 /* Modules */ = {
			isa = PBXGroup;
			children = (
				CE7821A026E7A161006FF957 /* Flow */,
				CE4514C6260DF1D70069CB6D /* LaunchScreen.storyboard */,
				CE47F43C261DE33D005F1C69 /* WelcomeScreen */,
				CE47F43A261DE222005F1C69 /* MainScreen */,
			);
			path = Modules;
			sourceTree = "<group>";
		};
		CE47F42F261DE015005F1C69 /* Resources */ = {
			isa = PBXGroup;
			children = (
				CED9CF2D26DE513700DC239B /* Localizable.strings */,
				CE4514C4260DF1D70069CB6D /* Assets.xcassets */,
				CE1B99B726E10C850004280D /* Colors.xcassets */,
			);
			path = Resources;
			sourceTree = "<group>";
		};
		CE47F432261DE0A2005F1C69 /* CoreData */ = {
			isa = PBXGroup;
			children = (
				CE4514C1260DF1D40069CB6D /* AccountApp.xcdatamodeld */,
				CE63301426DCFD7200E8F311 /* CoreDataDB.swift */,
			);
			path = CoreData;
			sourceTree = "<group>";
		};
		CE47F433261DE0B9005F1C69 /* Utils */ = {
			isa = PBXGroup;
			children = (
				CE477441261F526F00A6DD5B /* Constants.swift */,
				CE48AEC6262045EA0076B311 /* StringExtensions.swift */,
				CED9CF2226DE142900DC239B /* SessionManager.swift */,
				CE5BEC2B26DFBD5C00685981 /* LanguageEnum.swift */,
				CE5BEC2D26DFC6E000685981 /* NotificationExtension.swift */,
				CE5BEC2F26DFC72C00685981 /* LanguageNotificationHandler.swift */,
				CE5BEC3126DFC74C00685981 /* NotificationHandler.swift */,
				CE6EAF4C26E78C10002785F0 /* XibExtensions.swift */,
				CE6EAF4E26E78DFF002785F0 /* ValidationManager.swift */,
				CE5ED20026E8A53C007FCADF /* UIWindowExtension.swift */,
				CE5ED20B26E8C500007FCADF /* UIViewControllerExtension.swift */,
			);
			path = Utils;
			sourceTree = "<group>";
		};
		CE47F439261DE1F4005F1C69 /* Views */ = {
			isa = PBXGroup;
			children = (
				CE47742F261F387D00A6DD5B /* CustomViewForEditCredentialsCell.swift */,
				CE477430261F387D00A6DD5B /* CustomViewForEditCredentialsCell.xib */,
				CED9CF2426DE265D00DC239B /* LogOutViewCell.swift */,
				CED9CF2626DE266C00DC239B /* LogOutViewCell.xib */,
			);
			path = Views;
			sourceTree = "<group>";
		};
		CE47F43A261DE222005F1C69 /* MainScreen */ = {
			isa = PBXGroup;
			children = (
				CE7821A726E7A40E006FF957 /* Flow */,
				CE649D4926E21DEE0043730C /* FirstScreen */,
				CE47741C261F341700A6DD5B /* SettingsScreen */,
				CE47741B261F33D100A6DD5B /* ListOfAccountsScreen */,
				CE47F446261DE3A6005F1C69 /* MainScreen.storyboard */,
				CE4514BC260DF1D40069CB6D /* MainVC.swift */,
			);
			path = MainScreen;
			sourceTree = "<group>";
		};
		CE47F43C261DE33D005F1C69 /* WelcomeScreen */ = {
			isa = PBXGroup;
			children = (
				CE5ED20226E8AF84007FCADF /* Flow */,
				CE63300F26DCF54C00E8F311 /* LogInScreen */,
				CE47F46B261DF0DD005F1C69 /* RegistrationScreen */,
				CE47F43D261DE374005F1C69 /* WelcomeScreenVC.swift */,
				CE47F449261DE3B0005F1C69 /* Main.storyboard */,
				CE649D5026E222CC0043730C /* WelcomeScreenVM.swift */,
			);
			path = WelcomeScreen;
			sourceTree = "<group>";
		};
		CE47F46B261DF0DD005F1C69 /* RegistrationScreen */ = {
			isa = PBXGroup;
			children = (
				CE5ED20D26E8D0EE007FCADF /* Flow */,
				CE47F471261DF129005F1C69 /* RegistrationVC.swift */,
				CE47F474261DF19C005F1C69 /* RegistrationScreen.storyboard */,
				CE59069526E5FCC30059C84C /* RegistrationVM.swift */,
			);
			path = RegistrationScreen;
			sourceTree = "<group>";
		};
		CE48AED126207F990076B311 /* ChangeProfileScreen */ = {
			isa = PBXGroup;
			children = (
				CE7821C326E7B78B006FF957 /* Flow */,
				CE48AED226207FC60076B311 /* ChangeProfileScreen.storyboard */,
				CE48AED526207FEF0076B311 /* ChangeProfileVC.swift */,
				CE59069926E655470059C84C /* ChangeProfileVM.swift */,
			);
			path = ChangeProfileScreen;
			sourceTree = "<group>";
		};
		CE5BEC0D26DFA05000685981 /* SwiftGen */ = {
			isa = PBXGroup;
			children = (
				CE5BEC2926DFB6CC00685981 /* Strings.swift */,
			);
			path = SwiftGen;
			sourceTree = "<group>";
		};
		CE5ED20226E8AF84007FCADF /* Flow */ = {
			isa = PBXGroup;
			children = (
				CE5ED20326E8AF90007FCADF /* AuthFlow.swift */,
				CE5ED20526E8AF99007FCADF /* AuthStep.swift */,
			);
			path = Flow;
			sourceTree = "<group>";
		};
		CE5ED20D26E8D0EE007FCADF /* Flow */ = {
			isa = PBXGroup;
			children = (
				CE5ED20E26E8D101007FCADF /* RegistrationFlow.swift */,
				CE5ED21026E8D10C007FCADF /* RegistrationStep.swift */,
			);
			path = Flow;
			sourceTree = "<group>";
		};
		CE63300F26DCF54C00E8F311 /* LogInScreen */ = {
			isa = PBXGroup;
			children = (
				CE78219F26E7A152006FF957 /* Flow */,
				CE63301026DCF56C00E8F311 /* LogInVC.swift */,
				CE63301226DCF57E00E8F311 /* LogInScreen.storyboard */,
				CE59069726E650710059C84C /* LoginVM.swift */,
			);
			path = LogInScreen;
			sourceTree = "<group>";
		};
		CE649D4926E21DEE0043730C /* FirstScreen */ = {
			isa = PBXGroup;
			children = (
				CE7821AA26E7A542006FF957 /* Flow */,
				CE649D4A26E21E0B0043730C /* FirstVC.swift */,
				CE649D4E26E221610043730C /* FirstScreen.storyboard */,
			);
			path = FirstScreen;
			sourceTree = "<group>";
		};
		CE78219F26E7A152006FF957 /* Flow */ = {
			isa = PBXGroup;
			children = (
				CE5ED20726E8B607007FCADF /* LoginFlow.swift */,
				CE5ED20926E8C04C007FCADF /* LoginStep.swift */,
			);
			path = Flow;
			sourceTree = "<group>";
		};
		CE7821A026E7A161006FF957 /* Flow */ = {
			isa = PBXGroup;
			children = (
				CE7821A126E7A171006FF957 /* AppFlow.swift */,
				CE7821A326E7A1F2006FF957 /* AppStepper.swift */,
				CE7821A526E7A249006FF957 /* AppStep.swift */,
			);
			path = Flow;
			sourceTree = "<group>";
		};
		CE7821A726E7A40E006FF957 /* Flow */ = {
			isa = PBXGroup;
			children = (
				CE7821A826E7A41A006FF957 /* MainFlow.swift */,
				CE5ED1FE26E89D46007FCADF /* MainStep.swift */,
			);
			path = Flow;
			sourceTree = "<group>";
		};
		CE7821AA26E7A542006FF957 /* Flow */ = {
			isa = PBXGroup;
			children = (
				CE7821AD26E7A567006FF957 /* FirstFlow.swift */,
				CE7821AF26E7A575006FF957 /* FirstStep.swift */,
			);
			path = Flow;
			sourceTree = "<group>";
		};
		CE7821AB26E7A547006FF957 /* Flow */ = {
			isa = PBXGroup;
			children = (
				CE7821B126E7A583006FF957 /* SettingsFlow.swift */,
				CE7821B326E7A58C006FF957 /* SettingsStep.swift */,
			);
			path = Flow;
			sourceTree = "<group>";
		};
		CE7821AC26E7A550006FF957 /* Flow */ = {
			isa = PBXGroup;
			children = (
				CE7821B526E7A59D006FF957 /* ListOfAccountsFlow.swift */,
				CE7821B726E7A5AB006FF957 /* ListOfAccountsStep.swift */,
			);
			path = Flow;
			sourceTree = "<group>";
		};
		CE7821B926E7B5A9006FF957 /* Flow */ = {
			isa = PBXGroup;
			children = (
				CE7821BA26E7B649006FF957 /* SwitchThemeFlow.swift */,
				CE7821BC26E7B653006FF957 /* SwitchThemeStep.swift */,
			);
			path = Flow;
			sourceTree = "<group>";
		};
		CE7821BE26E7B6E0006FF957 /* Flow */ = {
			isa = PBXGroup;
			children = (
				CE7821BF26E7B6EE006FF957 /* SwitchLanguageFlow.swift */,
				CE7821C126E7B6F8006FF957 /* SwitchLanguageStep.swift */,
			);
			path = Flow;
			sourceTree = "<group>";
		};
		CE7821C326E7B78B006FF957 /* Flow */ = {
			isa = PBXGroup;
			children = (
				CE7821C426E7B796006FF957 /* ChangeProfileFlow.swift */,
				CE7821C626E7B7A5006FF957 /* ChangeProfileStep.swift */,
			);
			path = Flow;
			sourceTree = "<group>";
		};
		CED9CF2F26DE5CB500DC239B /* SwitchLanguageScreen */ = {
			isa = PBXGroup;
			children = (
				CE7821BE26E7B6E0006FF957 /* Flow */,
				CED9CF3026DE5CD500DC239B /* SwitchLanguageVC.swift */,
				CED9CF3226DE5CE300DC239B /* SwitchLanguageScreen.storyboard */,
				CE6EAF4826E74CB5002785F0 /* SwitchLanguageVM.swift */,
			);
			path = SwitchLanguageScreen;
			sourceTree = "<group>";
		};
/* End PBXGroup section */

/* Begin PBXNativeTarget section */
		CE4514B4260DF1D40069CB6D /* AccountApp */ = {
			isa = PBXNativeTarget;
			buildConfigurationList = CE4514CC260DF1D70069CB6D /* Build configuration list for PBXNativeTarget "AccountApp" */;
			buildPhases = (
				AB2AA23768C57C7181490FE8 /* [CP] Check Pods Manifest.lock */,
				CE451534260E09C50069CB6D /* Run Script */,
				CE5BEC0926DF9AAB00685981 /* SwiftGen */,
				CE4514B1260DF1D40069CB6D /* Sources */,
				CE4514B2260DF1D40069CB6D /* Frameworks */,
				CE4514B3260DF1D40069CB6D /* Resources */,
				A6358DFF97DBCE5BF3BC6331 /* [CP] Embed Pods Frameworks */,
			);
			buildRules = (
			);
			dependencies = (
			);
			name = AccountApp;
			productName = AccountApp;
			productReference = CE4514B5260DF1D40069CB6D /* AccountApp.app */;
			productType = "com.apple.product-type.application";
		};
/* End PBXNativeTarget section */

/* Begin PBXProject section */
		CE4514AD260DF1D40069CB6D /* Project object */ = {
			isa = PBXProject;
			attributes = {
				LastSwiftUpdateCheck = 1210;
				LastUpgradeCheck = 1210;
				TargetAttributes = {
					CE4514B4260DF1D40069CB6D = {
						CreatedOnToolsVersion = 12.1;
					};
				};
			};
			buildConfigurationList = CE4514B0260DF1D40069CB6D /* Build configuration list for PBXProject "AccountApp" */;
			compatibilityVersion = "Xcode 9.3";
			developmentRegion = en;
			hasScannedForEncodings = 0;
			knownRegions = (
				en,
				Base,
				ru,
			);
			mainGroup = CE4514AC260DF1D40069CB6D;
			productRefGroup = CE4514B6260DF1D40069CB6D /* Products */;
			projectDirPath = "";
			projectRoot = "";
			targets = (
				CE4514B4260DF1D40069CB6D /* AccountApp */,
			);
		};
/* End PBXProject section */

/* Begin PBXResourcesBuildPhase section */
		CE4514B3260DF1D40069CB6D /* Resources */ = {
			isa = PBXResourcesBuildPhase;
			buildActionMask = 2147483647;
			files = (
				CED9CF2726DE266C00DC239B /* LogOutViewCell.xib in Resources */,
				CE47F44A261DE3B0005F1C69 /* Main.storyboard in Resources */,
				CE1B99B526E1002F0004280D /* SwitchThemeScreen.storyboard in Resources */,
				CE477411261F328600A6DD5B /* SettingsScreen.storyboard in Resources */,
				CE63301326DCF57E00E8F311 /* LogInScreen.storyboard in Resources */,
				CED9CF3326DE5CE300DC239B /* SwitchLanguageScreen.storyboard in Resources */,
				CE47F435261DE19B005F1C69 /* .swiftlint.yml in Resources */,
				CE4514C8260DF1D70069CB6D /* LaunchScreen.storyboard in Resources */,
				CE477432261F387D00A6DD5B /* CustomViewForEditCredentialsCell.xib in Resources */,
				CE47F475261DF19C005F1C69 /* RegistrationScreen.storyboard in Resources */,
				CE4514C5260DF1D70069CB6D /* Assets.xcassets in Resources */,
				CED9CF2B26DE513700DC239B /* Localizable.strings in Resources */,
				CE47740E261F31CF00A6DD5B /* ListOfAccountsScreen.storyboard in Resources */,
				CE1B99B826E10C850004280D /* Colors.xcassets in Resources */,
				CE48AED326207FC60076B311 /* ChangeProfileScreen.storyboard in Resources */,
				CE649D4F26E221610043730C /* FirstScreen.storyboard in Resources */,
				CE47F447261DE3A6005F1C69 /* MainScreen.storyboard in Resources */,
			);
			runOnlyForDeploymentPostprocessing = 0;
		};
/* End PBXResourcesBuildPhase section */

/* Begin PBXShellScriptBuildPhase section */
		A6358DFF97DBCE5BF3BC6331 /* [CP] Embed Pods Frameworks */ = {
			isa = PBXShellScriptBuildPhase;
			buildActionMask = 2147483647;
			files = (
			);
			inputFileListPaths = (
				"${PODS_ROOT}/Target Support Files/Pods-AccountApp/Pods-AccountApp-frameworks-${CONFIGURATION}-input-files.xcfilelist",
			);
			name = "[CP] Embed Pods Frameworks";
			outputFileListPaths = (
				"${PODS_ROOT}/Target Support Files/Pods-AccountApp/Pods-AccountApp-frameworks-${CONFIGURATION}-output-files.xcfilelist",
			);
			runOnlyForDeploymentPostprocessing = 0;
			shellPath = /bin/sh;
			shellScript = "\"${PODS_ROOT}/Target Support Files/Pods-AccountApp/Pods-AccountApp-frameworks.sh\"\n";
			showEnvVarsInLog = 0;
		};
		AB2AA23768C57C7181490FE8 /* [CP] Check Pods Manifest.lock */ = {
			isa = PBXShellScriptBuildPhase;
			buildActionMask = 2147483647;
			files = (
			);
			inputFileListPaths = (
			);
			inputPaths = (
				"${PODS_PODFILE_DIR_PATH}/Podfile.lock",
				"${PODS_ROOT}/Manifest.lock",
			);
			name = "[CP] Check Pods Manifest.lock";
			outputFileListPaths = (
			);
			outputPaths = (
				"$(DERIVED_FILE_DIR)/Pods-AccountApp-checkManifestLockResult.txt",
			);
			runOnlyForDeploymentPostprocessing = 0;
			shellPath = /bin/sh;
			shellScript = "diff \"${PODS_PODFILE_DIR_PATH}/Podfile.lock\" \"${PODS_ROOT}/Manifest.lock\" > /dev/null\nif [ $? != 0 ] ; then\n    # print error to STDERR\n    echo \"error: The sandbox is not in sync with the Podfile.lock. Run 'pod install' or update your CocoaPods installation.\" >&2\n    exit 1\nfi\n# This output is used by Xcode 'outputs' to avoid re-running this script phase.\necho \"SUCCESS\" > \"${SCRIPT_OUTPUT_FILE_0}\"\n";
			showEnvVarsInLog = 0;
		};
		CE451534260E09C50069CB6D /* Run Script */ = {
			isa = PBXShellScriptBuildPhase;
			buildActionMask = 2147483647;
			files = (
			);
			inputFileListPaths = (
			);
			inputPaths = (
			);
			name = "Run Script";
			outputFileListPaths = (
			);
			outputPaths = (
			);
			runOnlyForDeploymentPostprocessing = 0;
			shellPath = /bin/sh;
			shellScript = "${PODS_ROOT}/SwiftLint/swiftlint\n";
		};
		CE5BEC0926DF9AAB00685981 /* SwiftGen */ = {
			isa = PBXShellScriptBuildPhase;
			buildActionMask = 2147483647;
			files = (
			);
			inputFileListPaths = (
			);
			inputPaths = (
			);
			name = SwiftGen;
			outputFileListPaths = (
			);
			outputPaths = (
			);
			runOnlyForDeploymentPostprocessing = 0;
			shellPath = /bin/sh;
			shellScript = "$PODS_ROOT/SwiftGen/bin/swiftgen\n";
		};
/* End PBXShellScriptBuildPhase section */

/* Begin PBXSourcesBuildPhase section */
		CE4514B1260DF1D40069CB6D /* Sources */ = {
			isa = PBXSourcesBuildPhase;
			buildActionMask = 2147483647;
			files = (
				CE1B99BF26E10EBC0004280D /* Theme.swift in Sources */,
				CE5ED20626E8AF99007FCADF /* AuthStep.swift in Sources */,
				CE7821B826E7A5AB006FF957 /* ListOfAccountsStep.swift in Sources */,
				CE5ED20F26E8D101007FCADF /* RegistrationFlow.swift in Sources */,
				CE48AED626207FEF0076B311 /* ChangeProfileVC.swift in Sources */,
				CE7821AE26E7A567006FF957 /* FirstFlow.swift in Sources */,
				CE5ED21126E8D10C007FCADF /* RegistrationStep.swift in Sources */,
				CE48AEC7262045EA0076B311 /* StringExtensions.swift in Sources */,
				CE7821C026E7B6EE006FF957 /* SwitchLanguageFlow.swift in Sources */,
				CE47F472261DF129005F1C69 /* RegistrationVC.swift in Sources */,
				CE5BEC3226DFC74C00685981 /* NotificationHandler.swift in Sources */,
				CE7821B626E7A59D006FF957 /* ListOfAccountsFlow.swift in Sources */,
				CE7821A626E7A249006FF957 /* AppStep.swift in Sources */,
				CE5ED20826E8B607007FCADF /* LoginFlow.swift in Sources */,
				CE5ED20A26E8C04C007FCADF /* LoginStep.swift in Sources */,
				CE1B99BB26E10E5F0004280D /* LightTheme.swift in Sources */,
				CE1B99BD26E10E670004280D /* DarkTheme.swift in Sources */,
				CE5ED1FF26E89D46007FCADF /* MainStep.swift in Sources */,
				CE477442261F526F00A6DD5B /* Constants.swift in Sources */,
				CE63301526DCFD7200E8F311 /* CoreDataDB.swift in Sources */,
				CE5BEC2A26DFB6CC00685981 /* Strings.swift in Sources */,
				CE5ED20126E8A53C007FCADF /* UIWindowExtension.swift in Sources */,
				CE6EAF4926E74CB5002785F0 /* SwitchLanguageVM.swift in Sources */,
				CE59069A26E655470059C84C /* ChangeProfileVM.swift in Sources */,
				CE7821C726E7B7A5006FF957 /* ChangeProfileStep.swift in Sources */,
				CE477431261F387D00A6DD5B /* CustomViewForEditCredentialsCell.swift in Sources */,
				CE59069626E5FCC30059C84C /* RegistrationVM.swift in Sources */,
				CE4514BD260DF1D40069CB6D /* MainVC.swift in Sources */,
				CE4514C3260DF1D40069CB6D /* AccountApp.xcdatamodeld in Sources */,
				CE7821C526E7B796006FF957 /* ChangeProfileFlow.swift in Sources */,
				CE6EAF4B26E75D0F002785F0 /* SwitchThemeVM.swift in Sources */,
				CE7821A226E7A171006FF957 /* AppFlow.swift in Sources */,
				CE5ED20426E8AF90007FCADF /* AuthFlow.swift in Sources */,
				CE477414261F337200A6DD5B /* ListOfAccountsVC.swift in Sources */,
				CE5ED20C26E8C500007FCADF /* UIViewControllerExtension.swift in Sources */,
				CE47F43E261DE374005F1C69 /* WelcomeScreenVC.swift in Sources */,
				CE7821B226E7A583006FF957 /* SettingsFlow.swift in Sources */,
				CE7821B426E7A58C006FF957 /* SettingsStep.swift in Sources */,
				CE59069C26E660360059C84C /* SettingsVM.swift in Sources */,
				CE649D5126E222CC0043730C /* WelcomeScreenVM.swift in Sources */,
				CE4514B9260DF1D40069CB6D /* AppDelegate.swift in Sources */,
				CE7821BB26E7B649006FF957 /* SwitchThemeFlow.swift in Sources */,
				CE59069826E650710059C84C /* LoginVM.swift in Sources */,
				CE5BEC2E26DFC6E000685981 /* NotificationExtension.swift in Sources */,
				CE649D4B26E21E0B0043730C /* FirstVC.swift in Sources */,
				CE7821B026E7A575006FF957 /* FirstStep.swift in Sources */,
				CE6EAF4D26E78C10002785F0 /* XibExtensions.swift in Sources */,
				CE63301126DCF56C00E8F311 /* LogInVC.swift in Sources */,
				CE47F44D261DE47F005F1C69 /* UserModel.swift in Sources */,
				CE6EAF4F26E78DFF002785F0 /* ValidationManager.swift in Sources */,
				CE5BEC2C26DFBD5C00685981 /* LanguageEnum.swift in Sources */,
				CE4514BB260DF1D40069CB6D /* SceneDelegate.swift in Sources */,
				CE5BEC3026DFC72C00685981 /* LanguageNotificationHandler.swift in Sources */,
				CED9CF3126DE5CD500DC239B /* SwitchLanguageVC.swift in Sources */,
				CE1B99B326E100000004280D /* SwitchThemeVC.swift in Sources */,
				CE7821C226E7B6F8006FF957 /* SwitchLanguageStep.swift in Sources */,
				CE7821A426E7A1F2006FF957 /* AppStepper.swift in Sources */,
				CE7821BD26E7B653006FF957 /* SwitchThemeStep.swift in Sources */,
				CED9CF2526DE265D00DC239B /* LogOutViewCell.swift in Sources */,
				CED9CF2326DE142900DC239B /* SessionManager.swift in Sources */,
				CE477417261F33AB00A6DD5B /* SettingsVC.swift in Sources */,
				CE7821A926E7A41A006FF957 /* MainFlow.swift in Sources */,
			);
			runOnlyForDeploymentPostprocessing = 0;
		};
/* End PBXSourcesBuildPhase section */

/* Begin PBXVariantGroup section */
		CE4514C6260DF1D70069CB6D /* LaunchScreen.storyboard */ = {
			isa = PBXVariantGroup;
			children = (
				CE4514C7260DF1D70069CB6D /* Base */,
				CED9CF2826DE50CD00DC239B /* ru */,
			);
			name = LaunchScreen.storyboard;
			sourceTree = "<group>";
		};
		CED9CF2D26DE513700DC239B /* Localizable.strings */ = {
			isa = PBXVariantGroup;
			children = (
				CED9CF2C26DE513700DC239B /* en */,
				CED9CF2E26DE513B00DC239B /* ru */,
			);
			name = Localizable.strings;
			sourceTree = "<group>";
		};
/* End PBXVariantGroup section */

/* Begin XCBuildConfiguration section */
		CE4514CA260DF1D70069CB6D /* Debug */ = {
			isa = XCBuildConfiguration;
			buildSettings = {
				ALWAYS_SEARCH_USER_PATHS = NO;
				CLANG_ANALYZER_LOCALIZABILITY_NONLOCALIZED = YES;
				CLANG_ANALYZER_NONNULL = YES;
				CLANG_ANALYZER_NUMBER_OBJECT_CONVERSION = YES_AGGRESSIVE;
				CLANG_CXX_LANGUAGE_STANDARD = "gnu++14";
				CLANG_CXX_LIBRARY = "libc++";
				CLANG_ENABLE_MODULES = YES;
				CLANG_ENABLE_OBJC_ARC = YES;
				CLANG_ENABLE_OBJC_WEAK = YES;
				CLANG_WARN_BLOCK_CAPTURE_AUTORELEASING = YES;
				CLANG_WARN_BOOL_CONVERSION = YES;
				CLANG_WARN_COMMA = YES;
				CLANG_WARN_CONSTANT_CONVERSION = YES;
				CLANG_WARN_DEPRECATED_OBJC_IMPLEMENTATIONS = YES;
				CLANG_WARN_DIRECT_OBJC_ISA_USAGE = YES_ERROR;
				CLANG_WARN_DOCUMENTATION_COMMENTS = YES;
				CLANG_WARN_EMPTY_BODY = YES;
				CLANG_WARN_ENUM_CONVERSION = YES;
				CLANG_WARN_INFINITE_RECURSION = YES;
				CLANG_WARN_INT_CONVERSION = YES;
				CLANG_WARN_NON_LITERAL_NULL_CONVERSION = YES;
				CLANG_WARN_OBJC_IMPLICIT_RETAIN_SELF = YES;
				CLANG_WARN_OBJC_LITERAL_CONVERSION = YES;
				CLANG_WARN_OBJC_ROOT_CLASS = YES_ERROR;
				CLANG_WARN_QUOTED_INCLUDE_IN_FRAMEWORK_HEADER = YES;
				CLANG_WARN_RANGE_LOOP_ANALYSIS = YES;
				CLANG_WARN_STRICT_PROTOTYPES = YES;
				CLANG_WARN_SUSPICIOUS_MOVE = YES;
				CLANG_WARN_UNGUARDED_AVAILABILITY = YES_AGGRESSIVE;
				CLANG_WARN_UNREACHABLE_CODE = YES;
				CLANG_WARN__DUPLICATE_METHOD_MATCH = YES;
				COPY_PHASE_STRIP = NO;
				DEBUG_INFORMATION_FORMAT = dwarf;
				ENABLE_STRICT_OBJC_MSGSEND = YES;
				ENABLE_TESTABILITY = YES;
				GCC_C_LANGUAGE_STANDARD = gnu11;
				GCC_DYNAMIC_NO_PIC = NO;
				GCC_NO_COMMON_BLOCKS = YES;
				GCC_OPTIMIZATION_LEVEL = 0;
				GCC_PREPROCESSOR_DEFINITIONS = (
					"DEBUG=1",
					"$(inherited)",
				);
				GCC_WARN_64_TO_32_BIT_CONVERSION = YES;
				GCC_WARN_ABOUT_RETURN_TYPE = YES_ERROR;
				GCC_WARN_UNDECLARED_SELECTOR = YES;
				GCC_WARN_UNINITIALIZED_AUTOS = YES_AGGRESSIVE;
				GCC_WARN_UNUSED_FUNCTION = YES;
				GCC_WARN_UNUSED_VARIABLE = YES;
				IPHONEOS_DEPLOYMENT_TARGET = 14.1;
				MTL_ENABLE_DEBUG_INFO = INCLUDE_SOURCE;
				MTL_FAST_MATH = YES;
				ONLY_ACTIVE_ARCH = YES;
				SDKROOT = iphoneos;
				SWIFT_ACTIVE_COMPILATION_CONDITIONS = DEBUG;
				SWIFT_OPTIMIZATION_LEVEL = "-Onone";
			};
			name = Debug;
		};
		CE4514CB260DF1D70069CB6D /* Release */ = {
			isa = XCBuildConfiguration;
			buildSettings = {
				ALWAYS_SEARCH_USER_PATHS = NO;
				CLANG_ANALYZER_LOCALIZABILITY_NONLOCALIZED = YES;
				CLANG_ANALYZER_NONNULL = YES;
				CLANG_ANALYZER_NUMBER_OBJECT_CONVERSION = YES_AGGRESSIVE;
				CLANG_CXX_LANGUAGE_STANDARD = "gnu++14";
				CLANG_CXX_LIBRARY = "libc++";
				CLANG_ENABLE_MODULES = YES;
				CLANG_ENABLE_OBJC_ARC = YES;
				CLANG_ENABLE_OBJC_WEAK = YES;
				CLANG_WARN_BLOCK_CAPTURE_AUTORELEASING = YES;
				CLANG_WARN_BOOL_CONVERSION = YES;
				CLANG_WARN_COMMA = YES;
				CLANG_WARN_CONSTANT_CONVERSION = YES;
				CLANG_WARN_DEPRECATED_OBJC_IMPLEMENTATIONS = YES;
				CLANG_WARN_DIRECT_OBJC_ISA_USAGE = YES_ERROR;
				CLANG_WARN_DOCUMENTATION_COMMENTS = YES;
				CLANG_WARN_EMPTY_BODY = YES;
				CLANG_WARN_ENUM_CONVERSION = YES;
				CLANG_WARN_INFINITE_RECURSION = YES;
				CLANG_WARN_INT_CONVERSION = YES;
				CLANG_WARN_NON_LITERAL_NULL_CONVERSION = YES;
				CLANG_WARN_OBJC_IMPLICIT_RETAIN_SELF = YES;
				CLANG_WARN_OBJC_LITERAL_CONVERSION = YES;
				CLANG_WARN_OBJC_ROOT_CLASS = YES_ERROR;
				CLANG_WARN_QUOTED_INCLUDE_IN_FRAMEWORK_HEADER = YES;
				CLANG_WARN_RANGE_LOOP_ANALYSIS = YES;
				CLANG_WARN_STRICT_PROTOTYPES = YES;
				CLANG_WARN_SUSPICIOUS_MOVE = YES;
				CLANG_WARN_UNGUARDED_AVAILABILITY = YES_AGGRESSIVE;
				CLANG_WARN_UNREACHABLE_CODE = YES;
				CLANG_WARN__DUPLICATE_METHOD_MATCH = YES;
				COPY_PHASE_STRIP = NO;
				DEBUG_INFORMATION_FORMAT = "dwarf-with-dsym";
				ENABLE_NS_ASSERTIONS = NO;
				ENABLE_STRICT_OBJC_MSGSEND = YES;
				GCC_C_LANGUAGE_STANDARD = gnu11;
				GCC_NO_COMMON_BLOCKS = YES;
				GCC_WARN_64_TO_32_BIT_CONVERSION = YES;
				GCC_WARN_ABOUT_RETURN_TYPE = YES_ERROR;
				GCC_WARN_UNDECLARED_SELECTOR = YES;
				GCC_WARN_UNINITIALIZED_AUTOS = YES_AGGRESSIVE;
				GCC_WARN_UNUSED_FUNCTION = YES;
				GCC_WARN_UNUSED_VARIABLE = YES;
				IPHONEOS_DEPLOYMENT_TARGET = 14.1;
				MTL_ENABLE_DEBUG_INFO = NO;
				MTL_FAST_MATH = YES;
				SDKROOT = iphoneos;
				SWIFT_COMPILATION_MODE = wholemodule;
				SWIFT_OPTIMIZATION_LEVEL = "-O";
				VALIDATE_PRODUCT = YES;
			};
			name = Release;
		};
		CE4514CD260DF1D70069CB6D /* Debug */ = {
			isa = XCBuildConfiguration;
			baseConfigurationReference = 2B337A2260642194A181D366 /* Pods-AccountApp.debug.xcconfig */;
			buildSettings = {
				ASSETCATALOG_COMPILER_APPICON_NAME = AppIcon;
				ASSETCATALOG_COMPILER_GLOBAL_ACCENT_COLOR_NAME = AccentColor;
				CODE_SIGN_STYLE = Automatic;
				DEVELOPMENT_TEAM = 4Y2TMA558G;
				INFOPLIST_FILE = AccountApp/Application/Info.plist;
				IPHONEOS_DEPLOYMENT_TARGET = 13.0;
				LD_RUNPATH_SEARCH_PATHS = (
					"$(inherited)",
					"@executable_path/Frameworks",
				);
				PRODUCT_BUNDLE_IDENTIFIER = by.vironit.mikovoz.AccountApp;
				PRODUCT_NAME = "$(TARGET_NAME)";
				SWIFT_VERSION = 5.0;
				TARGETED_DEVICE_FAMILY = 1;
			};
			name = Debug;
		};
		CE4514CE260DF1D70069CB6D /* Release */ = {
			isa = XCBuildConfiguration;
			baseConfigurationReference = 581C8B406315EA81E6D31390 /* Pods-AccountApp.release.xcconfig */;
			buildSettings = {
				ASSETCATALOG_COMPILER_APPICON_NAME = AppIcon;
				ASSETCATALOG_COMPILER_GLOBAL_ACCENT_COLOR_NAME = AccentColor;
				CODE_SIGN_STYLE = Automatic;
				DEVELOPMENT_TEAM = 4Y2TMA558G;
				INFOPLIST_FILE = AccountApp/Application/Info.plist;
				IPHONEOS_DEPLOYMENT_TARGET = 13.0;
				LD_RUNPATH_SEARCH_PATHS = (
					"$(inherited)",
					"@executable_path/Frameworks",
				);
				PRODUCT_BUNDLE_IDENTIFIER = by.vironit.mikovoz.AccountApp;
				PRODUCT_NAME = "$(TARGET_NAME)";
				SWIFT_VERSION = 5.0;
				TARGETED_DEVICE_FAMILY = 1;
			};
			name = Release;
		};
/* End XCBuildConfiguration section */

/* Begin XCConfigurationList section */
		CE4514B0260DF1D40069CB6D /* Build configuration list for PBXProject "AccountApp" */ = {
			isa = XCConfigurationList;
			buildConfigurations = (
				CE4514CA260DF1D70069CB6D /* Debug */,
				CE4514CB260DF1D70069CB6D /* Release */,
			);
			defaultConfigurationIsVisible = 0;
			defaultConfigurationName = Release;
		};
		CE4514CC260DF1D70069CB6D /* Build configuration list for PBXNativeTarget "AccountApp" */ = {
			isa = XCConfigurationList;
			buildConfigurations = (
				CE4514CD260DF1D70069CB6D /* Debug */,
				CE4514CE260DF1D70069CB6D /* Release */,
			);
			defaultConfigurationIsVisible = 0;
			defaultConfigurationName = Release;
		};
/* End XCConfigurationList section */

/* Begin XCVersionGroup section */
		CE4514C1260DF1D40069CB6D /* AccountApp.xcdatamodeld */ = {
			isa = XCVersionGroup;
			children = (
				CE4514C2260DF1D40069CB6D /* AccountApp.xcdatamodel */,
			);
			currentVersion = CE4514C2260DF1D40069CB6D /* AccountApp.xcdatamodel */;
			path = AccountApp.xcdatamodeld;
			sourceTree = "<group>";
			versionGroupType = wrapper.xcdatamodel;
		};
/* End XCVersionGroup section */
	};
	rootObject = CE4514AD260DF1D40069CB6D /* Project object */;
}
